
Microsoft Visual Studio Solution File, Format Version 12.00
# Visual Studio Version 17
VisualStudioVersion = 17.1.32414.318
MinimumVisualStudioVersion = 10.0.40219.1
Project("{E53339B2-1760-4266-BCC7-CA923CBCF16C}") = "docker-compose", "docker-compose.dcproj", "{0B48E9CE-5433-4C36-A095-D751D9651AC5}"
EndProject
Project("{2150E333-8FDC-42A3-9474-1A3956D46DE8}") = "User", "User", "{7D280C77-31B3-4B77-B19F-72C0CC7E8955}"
EndProject
Project("{2150E333-8FDC-42A3-9474-1A3956D46DE8}") = "Tracker", "Tracker", "{C941019D-8689-4338-A662-9160848BA011}"
EndProject
Project("{9A19103F-16F7-4668-BE54-9A1E7A4F7556}") = "SC.Tracker.Api", "SC.Tracker.Api\SC.Tracker.Api.csproj", "{402DCC03-2885-4229-80EE-CFBC2405F24A}"
EndProject
Project("{2150E333-8FDC-42A3-9474-1A3956D46DE8}") = "Notifier", "Notifier", "{1614E930-0372-4ABF-AB09-175FF74AAF54}"
EndProject
Project("{9A19103F-16F7-4668-BE54-9A1E7A4F7556}") = "SC.Notifier.Api", "SC.Notifier.Api\SC.Notifier.Api.csproj", "{C9819F2F-9495-4D4D-ADBF-554DF8422384}"
EndProject
Project("{2150E333-8FDC-42A3-9474-1A3956D46DE8}") = "SocketServer", "SocketServer", "{6E426F2B-D291-4EF2-BF8B-8A97EFBECC4C}"
EndProject
Project("{9A19103F-16F7-4668-BE54-9A1E7A4F7556}") = "SC.SocketServer.Api", "SC.SocketServer.Api\SC.SocketServer.Api.csproj", "{71876D7C-CA6E-4D28-9CE5-1476ED7B2FFC}"
EndProject
Project("{2150E333-8FDC-42A3-9474-1A3956D46DE8}") = "Common", "Common", "{2B8424C1-73EB-4B8D-8011-1A2AE9E126E4}"
EndProject
Project("{2150E333-8FDC-42A3-9474-1A3956D46DE8}") = "CQRS", "CQRS", "{CE6D91C7-9FD7-4D6B-A54A-02333EA22AAC}"
EndProject
Project("{9A19103F-16F7-4668-BE54-9A1E7A4F7556}") = "SC.Common.CQRS", "SC.Common.CQRS\SC.Common.CQRS.csproj", "{AA880D53-27E8-4C2B-A486-96215C94A435}"
EndProject
Project("{9A19103F-16F7-4668-BE54-9A1E7A4F7556}") = "SC.UserManagment.Api", "SC.UserManagment.Api\SC.UserManagment.Api.csproj", "{A4CE7F73-F93F-41D5-99DC-EA550368EEF3}"
EndProject
Project("{9A19103F-16F7-4668-BE54-9A1E7A4F7556}") = "SC.UserManagment.Application", "SC.UserManagment.Application\SC.UserManagment.Application.csproj", "{F19BA9CF-54F4-4A8F-824B-33273D1F8902}"
EndProject
Project("{9A19103F-16F7-4668-BE54-9A1E7A4F7556}") = "SC.UserManagment.AzureTable", "SC.UserManagment.AzureTable\SC.UserManagment.AzureTable.csproj", "{2AB933F1-4CFF-4FC8-B985-EBE8E86B7C04}"
EndProject
Project("{2150E333-8FDC-42A3-9474-1A3956D46DE8}") = "Helpers", "Helpers", "{42DF76D4-9A2C-49A0-86A6-DB80A5470B63}"
EndProject
Project("{2150E333-8FDC-42A3-9474-1A3956D46DE8}") = "AzureTables", "AzureTables", "{A1494A58-D28E-4F56-8C74-FFEACEA5AEA9}"
EndProject
Project("{FAE04EC0-301F-11D3-BF4B-00C04F79EFBC}") = "SC.Common.AzureTables", "SC.Common.Azure.Tables\SC.Common.AzureTables.csproj", "{13D8F8B4-DBD6-43D6-880C-BDBFF57575FF}"
EndProject
Global
	GlobalSection(SolutionConfigurationPlatforms) = preSolution
		Debug|Any CPU = Debug|Any CPU
		Debug|ARM = Debug|ARM
		Debug|ARM64 = Debug|ARM64
		Debug|x64 = Debug|x64
		Debug|x86 = Debug|x86
		Release|Any CPU = Release|Any CPU
		Release|ARM = Release|ARM
		Release|ARM64 = Release|ARM64
		Release|x64 = Release|x64
		Release|x86 = Release|x86
	EndGlobalSection
	GlobalSection(ProjectConfigurationPlatforms) = postSolution
		{0B48E9CE-5433-4C36-A095-D751D9651AC5}.Debug|Any CPU.ActiveCfg = Debug|Any CPU
		{0B48E9CE-5433-4C36-A095-D751D9651AC5}.Debug|Any CPU.Build.0 = Debug|Any CPU
		{0B48E9CE-5433-4C36-A095-D751D9651AC5}.Debug|ARM.ActiveCfg = Debug|Any CPU
		{0B48E9CE-5433-4C36-A095-D751D9651AC5}.Debug|ARM.Build.0 = Debug|Any CPU
		{0B48E9CE-5433-4C36-A095-D751D9651AC5}.Debug|ARM64.ActiveCfg = Debug|Any CPU
		{0B48E9CE-5433-4C36-A095-D751D9651AC5}.Debug|ARM64.Build.0 = Debug|Any CPU
		{0B48E9CE-5433-4C36-A095-D751D9651AC5}.Debug|x64.ActiveCfg = Debug|Any CPU
		{0B48E9CE-5433-4C36-A095-D751D9651AC5}.Debug|x64.Build.0 = Debug|Any CPU
		{0B48E9CE-5433-4C36-A095-D751D9651AC5}.Debug|x86.ActiveCfg = Debug|Any CPU
		{0B48E9CE-5433-4C36-A095-D751D9651AC5}.Debug|x86.Build.0 = Debug|Any CPU
		{0B48E9CE-5433-4C36-A095-D751D9651AC5}.Release|Any CPU.ActiveCfg = Release|Any CPU
		{0B48E9CE-5433-4C36-A095-D751D9651AC5}.Release|Any CPU.Build.0 = Release|Any CPU
		{0B48E9CE-5433-4C36-A095-D751D9651AC5}.Release|ARM.ActiveCfg = Release|Any CPU
		{0B48E9CE-5433-4C36-A095-D751D9651AC5}.Release|ARM.Build.0 = Release|Any CPU
		{0B48E9CE-5433-4C36-A095-D751D9651AC5}.Release|ARM64.ActiveCfg = Release|Any CPU
		{0B48E9CE-5433-4C36-A095-D751D9651AC5}.Release|ARM64.Build.0 = Release|Any CPU
		{0B48E9CE-5433-4C36-A095-D751D9651AC5}.Release|x64.ActiveCfg = Release|Any CPU
		{0B48E9CE-5433-4C36-A095-D751D9651AC5}.Release|x64.Build.0 = Release|Any CPU
		{0B48E9CE-5433-4C36-A095-D751D9651AC5}.Release|x86.ActiveCfg = Release|Any CPU
		{0B48E9CE-5433-4C36-A095-D751D9651AC5}.Release|x86.Build.0 = Release|Any CPU
		{402DCC03-2885-4229-80EE-CFBC2405F24A}.Debug|Any CPU.ActiveCfg = Debug|Any CPU
		{402DCC03-2885-4229-80EE-CFBC2405F24A}.Debug|Any CPU.Build.0 = Debug|Any CPU
		{402DCC03-2885-4229-80EE-CFBC2405F24A}.Debug|ARM.ActiveCfg = Debug|Any CPU
		{402DCC03-2885-4229-80EE-CFBC2405F24A}.Debug|ARM.Build.0 = Debug|Any CPU
		{402DCC03-2885-4229-80EE-CFBC2405F24A}.Debug|ARM64.ActiveCfg = Debug|Any CPU
		{402DCC03-2885-4229-80EE-CFBC2405F24A}.Debug|ARM64.Build.0 = Debug|Any CPU
		{402DCC03-2885-4229-80EE-CFBC2405F24A}.Debug|x64.ActiveCfg = Debug|Any CPU
		{402DCC03-2885-4229-80EE-CFBC2405F24A}.Debug|x64.Build.0 = Debug|Any CPU
		{402DCC03-2885-4229-80EE-CFBC2405F24A}.Debug|x86.ActiveCfg = Debug|Any CPU
		{402DCC03-2885-4229-80EE-CFBC2405F24A}.Debug|x86.Build.0 = Debug|Any CPU
		{402DCC03-2885-4229-80EE-CFBC2405F24A}.Release|Any CPU.ActiveCfg = Release|Any CPU
		{402DCC03-2885-4229-80EE-CFBC2405F24A}.Release|Any CPU.Build.0 = Release|Any CPU
		{402DCC03-2885-4229-80EE-CFBC2405F24A}.Release|ARM.ActiveCfg = Release|Any CPU
		{402DCC03-2885-4229-80EE-CFBC2405F24A}.Release|ARM.Build.0 = Release|Any CPU
		{402DCC03-2885-4229-80EE-CFBC2405F24A}.Release|ARM64.ActiveCfg = Release|Any CPU
		{402DCC03-2885-4229-80EE-CFBC2405F24A}.Release|ARM64.Build.0 = Release|Any CPU
		{402DCC03-2885-4229-80EE-CFBC2405F24A}.Release|x64.ActiveCfg = Release|Any CPU
		{402DCC03-2885-4229-80EE-CFBC2405F24A}.Release|x64.Build.0 = Release|Any CPU
		{402DCC03-2885-4229-80EE-CFBC2405F24A}.Release|x86.ActiveCfg = Release|Any CPU
		{402DCC03-2885-4229-80EE-CFBC2405F24A}.Release|x86.Build.0 = Release|Any CPU
		{C9819F2F-9495-4D4D-ADBF-554DF8422384}.Debug|Any CPU.ActiveCfg = Debug|Any CPU
		{C9819F2F-9495-4D4D-ADBF-554DF8422384}.Debug|Any CPU.Build.0 = Debug|Any CPU
		{C9819F2F-9495-4D4D-ADBF-554DF8422384}.Debug|ARM.ActiveCfg = Debug|Any CPU
		{C9819F2F-9495-4D4D-ADBF-554DF8422384}.Debug|ARM.Build.0 = Debug|Any CPU
		{C9819F2F-9495-4D4D-ADBF-554DF8422384}.Debug|ARM64.ActiveCfg = Debug|Any CPU
		{C9819F2F-9495-4D4D-ADBF-554DF8422384}.Debug|ARM64.Build.0 = Debug|Any CPU
		{C9819F2F-9495-4D4D-ADBF-554DF8422384}.Debug|x64.ActiveCfg = Debug|Any CPU
		{C9819F2F-9495-4D4D-ADBF-554DF8422384}.Debug|x64.Build.0 = Debug|Any CPU
		{C9819F2F-9495-4D4D-ADBF-554DF8422384}.Debug|x86.ActiveCfg = Debug|Any CPU
		{C9819F2F-9495-4D4D-ADBF-554DF8422384}.Debug|x86.Build.0 = Debug|Any CPU
		{C9819F2F-9495-4D4D-ADBF-554DF8422384}.Release|Any CPU.ActiveCfg = Release|Any CPU
		{C9819F2F-9495-4D4D-ADBF-554DF8422384}.Release|Any CPU.Build.0 = Release|Any CPU
		{C9819F2F-9495-4D4D-ADBF-554DF8422384}.Release|ARM.ActiveCfg = Release|Any CPU
		{C9819F2F-9495-4D4D-ADBF-554DF8422384}.Release|ARM.Build.0 = Release|Any CPU
		{C9819F2F-9495-4D4D-ADBF-554DF8422384}.Release|ARM64.ActiveCfg = Release|Any CPU
		{C9819F2F-9495-4D4D-ADBF-554DF8422384}.Release|ARM64.Build.0 = Release|Any CPU
		{C9819F2F-9495-4D4D-ADBF-554DF8422384}.Release|x64.ActiveCfg = Release|Any CPU
		{C9819F2F-9495-4D4D-ADBF-554DF8422384}.Release|x64.Build.0 = Release|Any CPU
		{C9819F2F-9495-4D4D-ADBF-554DF8422384}.Release|x86.ActiveCfg = Release|Any CPU
		{C9819F2F-9495-4D4D-ADBF-554DF8422384}.Release|x86.Build.0 = Release|Any CPU
		{71876D7C-CA6E-4D28-9CE5-1476ED7B2FFC}.Debug|Any CPU.ActiveCfg = Debug|Any CPU
		{71876D7C-CA6E-4D28-9CE5-1476ED7B2FFC}.Debug|Any CPU.Build.0 = Debug|Any CPU
		{71876D7C-CA6E-4D28-9CE5-1476ED7B2FFC}.Debug|ARM.ActiveCfg = Debug|Any CPU
		{71876D7C-CA6E-4D28-9CE5-1476ED7B2FFC}.Debug|ARM.Build.0 = Debug|Any CPU
		{71876D7C-CA6E-4D28-9CE5-1476ED7B2FFC}.Debug|ARM64.ActiveCfg = Debug|Any CPU
		{71876D7C-CA6E-4D28-9CE5-1476ED7B2FFC}.Debug|ARM64.Build.0 = Debug|Any CPU
		{71876D7C-CA6E-4D28-9CE5-1476ED7B2FFC}.Debug|x64.ActiveCfg = Debug|Any CPU
		{71876D7C-CA6E-4D28-9CE5-1476ED7B2FFC}.Debug|x64.Build.0 = Debug|Any CPU
		{71876D7C-CA6E-4D28-9CE5-1476ED7B2FFC}.Debug|x86.ActiveCfg = Debug|Any CPU
		{71876D7C-CA6E-4D28-9CE5-1476ED7B2FFC}.Debug|x86.Build.0 = Debug|Any CPU
		{71876D7C-CA6E-4D28-9CE5-1476ED7B2FFC}.Release|Any CPU.ActiveCfg = Release|Any CPU
		{71876D7C-CA6E-4D28-9CE5-1476ED7B2FFC}.Release|Any CPU.Build.0 = Release|Any CPU
		{71876D7C-CA6E-4D28-9CE5-1476ED7B2FFC}.Release|ARM.ActiveCfg = Release|Any CPU
		{71876D7C-CA6E-4D28-9CE5-1476ED7B2FFC}.Release|ARM.Build.0 = Release|Any CPU
		{71876D7C-CA6E-4D28-9CE5-1476ED7B2FFC}.Release|ARM64.ActiveCfg = Release|Any CPU
		{71876D7C-CA6E-4D28-9CE5-1476ED7B2FFC}.Release|ARM64.Build.0 = Release|Any CPU
		{71876D7C-CA6E-4D28-9CE5-1476ED7B2FFC}.Release|x64.ActiveCfg = Release|Any CPU
		{71876D7C-CA6E-4D28-9CE5-1476ED7B2FFC}.Release|x64.Build.0 = Release|Any CPU
		{71876D7C-CA6E-4D28-9CE5-1476ED7B2FFC}.Release|x86.ActiveCfg = Release|Any CPU
		{71876D7C-CA6E-4D28-9CE5-1476ED7B2FFC}.Release|x86.Build.0 = Release|Any CPU
		{AA880D53-27E8-4C2B-A486-96215C94A435}.Debug|Any CPU.ActiveCfg = Debug|Any CPU
		{AA880D53-27E8-4C2B-A486-96215C94A435}.Debug|Any CPU.Build.0 = Debug|Any CPU
		{AA880D53-27E8-4C2B-A486-96215C94A435}.Debug|ARM.ActiveCfg = Debug|Any CPU
		{AA880D53-27E8-4C2B-A486-96215C94A435}.Debug|ARM.Build.0 = Debug|Any CPU
		{AA880D53-27E8-4C2B-A486-96215C94A435}.Debug|ARM64.ActiveCfg = Debug|Any CPU
		{AA880D53-27E8-4C2B-A486-96215C94A435}.Debug|ARM64.Build.0 = Debug|Any CPU
		{AA880D53-27E8-4C2B-A486-96215C94A435}.Debug|x64.ActiveCfg = Debug|Any CPU
		{AA880D53-27E8-4C2B-A486-96215C94A435}.Debug|x64.Build.0 = Debug|Any CPU
		{AA880D53-27E8-4C2B-A486-96215C94A435}.Debug|x86.ActiveCfg = Debug|Any CPU
		{AA880D53-27E8-4C2B-A486-96215C94A435}.Debug|x86.Build.0 = Debug|Any CPU
		{AA880D53-27E8-4C2B-A486-96215C94A435}.Release|Any CPU.ActiveCfg = Release|Any CPU
		{AA880D53-27E8-4C2B-A486-96215C94A435}.Release|Any CPU.Build.0 = Release|Any CPU
		{AA880D53-27E8-4C2B-A486-96215C94A435}.Release|ARM.ActiveCfg = Release|Any CPU
		{AA880D53-27E8-4C2B-A486-96215C94A435}.Release|ARM.Build.0 = Release|Any CPU
		{AA880D53-27E8-4C2B-A486-96215C94A435}.Release|ARM64.ActiveCfg = Release|Any CPU
		{AA880D53-27E8-4C2B-A486-96215C94A435}.Release|ARM64.Build.0 = Release|Any CPU
		{AA880D53-27E8-4C2B-A486-96215C94A435}.Release|x64.ActiveCfg = Release|Any CPU
		{AA880D53-27E8-4C2B-A486-96215C94A435}.Release|x64.Build.0 = Release|Any CPU
		{AA880D53-27E8-4C2B-A486-96215C94A435}.Release|x86.ActiveCfg = Release|Any CPU
		{AA880D53-27E8-4C2B-A486-96215C94A435}.Release|x86.Build.0 = Release|Any CPU
		{A4CE7F73-F93F-41D5-99DC-EA550368EEF3}.Debug|Any CPU.ActiveCfg = Debug|Any CPU
		{A4CE7F73-F93F-41D5-99DC-EA550368EEF3}.Debug|Any CPU.Build.0 = Debug|Any CPU
		{A4CE7F73-F93F-41D5-99DC-EA550368EEF3}.Debug|ARM.ActiveCfg = Debug|Any CPU
		{A4CE7F73-F93F-41D5-99DC-EA550368EEF3}.Debug|ARM.Build.0 = Debug|Any CPU
		{A4CE7F73-F93F-41D5-99DC-EA550368EEF3}.Debug|ARM64.ActiveCfg = Debug|Any CPU
		{A4CE7F73-F93F-41D5-99DC-EA550368EEF3}.Debug|ARM64.Build.0 = Debug|Any CPU
		{A4CE7F73-F93F-41D5-99DC-EA550368EEF3}.Debug|x64.ActiveCfg = Debug|Any CPU
		{A4CE7F73-F93F-41D5-99DC-EA550368EEF3}.Debug|x64.Build.0 = Debug|Any CPU
		{A4CE7F73-F93F-41D5-99DC-EA550368EEF3}.Debug|x86.ActiveCfg = Debug|Any CPU
		{A4CE7F73-F93F-41D5-99DC-EA550368EEF3}.Debug|x86.Build.0 = Debug|Any CPU
		{A4CE7F73-F93F-41D5-99DC-EA550368EEF3}.Release|Any CPU.ActiveCfg = Release|Any CPU
		{A4CE7F73-F93F-41D5-99DC-EA550368EEF3}.Release|Any CPU.Build.0 = Release|Any CPU
		{A4CE7F73-F93F-41D5-99DC-EA550368EEF3}.Release|ARM.ActiveCfg = Release|Any CPU
		{A4CE7F73-F93F-41D5-99DC-EA550368EEF3}.Release|ARM.Build.0 = Release|Any CPU
		{A4CE7F73-F93F-41D5-99DC-EA550368EEF3}.Release|ARM64.ActiveCfg = Release|Any CPU
		{A4CE7F73-F93F-41D5-99DC-EA550368EEF3}.Release|ARM64.Build.0 = Release|Any CPU
		{A4CE7F73-F93F-41D5-99DC-EA550368EEF3}.Release|x64.ActiveCfg = Release|Any CPU
		{A4CE7F73-F93F-41D5-99DC-EA550368EEF3}.Release|x64.Build.0 = Release|Any CPU
		{A4CE7F73-F93F-41D5-99DC-EA550368EEF3}.Release|x86.ActiveCfg = Release|Any CPU
		{A4CE7F73-F93F-41D5-99DC-EA550368EEF3}.Release|x86.Build.0 = Release|Any CPU
		{F19BA9CF-54F4-4A8F-824B-33273D1F8902}.Debug|Any CPU.ActiveCfg = Debug|Any CPU
		{F19BA9CF-54F4-4A8F-824B-33273D1F8902}.Debug|Any CPU.Build.0 = Debug|Any CPU
		{F19BA9CF-54F4-4A8F-824B-33273D1F8902}.Debug|ARM.ActiveCfg = Debug|Any CPU
		{F19BA9CF-54F4-4A8F-824B-33273D1F8902}.Debug|ARM.Build.0 = Debug|Any CPU
		{F19BA9CF-54F4-4A8F-824B-33273D1F8902}.Debug|ARM64.ActiveCfg = Debug|Any CPU
		{F19BA9CF-54F4-4A8F-824B-33273D1F8902}.Debug|ARM64.Build.0 = Debug|Any CPU
		{F19BA9CF-54F4-4A8F-824B-33273D1F8902}.Debug|x64.ActiveCfg = Debug|Any CPU
		{F19BA9CF-54F4-4A8F-824B-33273D1F8902}.Debug|x64.Build.0 = Debug|Any CPU
		{F19BA9CF-54F4-4A8F-824B-33273D1F8902}.Debug|x86.ActiveCfg = Debug|Any CPU
		{F19BA9CF-54F4-4A8F-824B-33273D1F8902}.Debug|x86.Build.0 = Debug|Any CPU
		{F19BA9CF-54F4-4A8F-824B-33273D1F8902}.Release|Any CPU.ActiveCfg = Release|Any CPU
		{F19BA9CF-54F4-4A8F-824B-33273D1F8902}.Release|Any CPU.Build.0 = Release|Any CPU
		{F19BA9CF-54F4-4A8F-824B-33273D1F8902}.Release|ARM.ActiveCfg = Release|Any CPU
		{F19BA9CF-54F4-4A8F-824B-33273D1F8902}.Release|ARM.Build.0 = Release|Any CPU
		{F19BA9CF-54F4-4A8F-824B-33273D1F8902}.Release|ARM64.ActiveCfg = Release|Any CPU
		{F19BA9CF-54F4-4A8F-824B-33273D1F8902}.Release|ARM64.Build.0 = Release|Any CPU
		{F19BA9CF-54F4-4A8F-824B-33273D1F8902}.Release|x64.ActiveCfg = Release|Any CPU
		{F19BA9CF-54F4-4A8F-824B-33273D1F8902}.Release|x64.Build.0 = Release|Any CPU
		{F19BA9CF-54F4-4A8F-824B-33273D1F8902}.Release|x86.ActiveCfg = Release|Any CPU
		{F19BA9CF-54F4-4A8F-824B-33273D1F8902}.Release|x86.Build.0 = Release|Any CPU
		{2AB933F1-4CFF-4FC8-B985-EBE8E86B7C04}.Debug|Any CPU.ActiveCfg = Debug|Any CPU
		{2AB933F1-4CFF-4FC8-B985-EBE8E86B7C04}.Debug|Any CPU.Build.0 = Debug|Any CPU
		{2AB933F1-4CFF-4FC8-B985-EBE8E86B7C04}.Debug|ARM.ActiveCfg = Debug|Any CPU
		{2AB933F1-4CFF-4FC8-B985-EBE8E86B7C04}.Debug|ARM.Build.0 = Debug|Any CPU
		{2AB933F1-4CFF-4FC8-B985-EBE8E86B7C04}.Debug|ARM64.ActiveCfg = Debug|Any CPU
		{2AB933F1-4CFF-4FC8-B985-EBE8E86B7C04}.Debug|ARM64.Build.0 = Debug|Any CPU
		{2AB933F1-4CFF-4FC8-B985-EBE8E86B7C04}.Debug|x64.ActiveCfg = Debug|Any CPU
		{2AB933F1-4CFF-4FC8-B985-EBE8E86B7C04}.Debug|x64.Build.0 = Debug|Any CPU
		{2AB933F1-4CFF-4FC8-B985-EBE8E86B7C04}.Debug|x86.ActiveCfg = Debug|Any CPU
		{2AB933F1-4CFF-4FC8-B985-EBE8E86B7C04}.Debug|x86.Build.0 = Debug|Any CPU
		{2AB933F1-4CFF-4FC8-B985-EBE8E86B7C04}.Release|Any CPU.ActiveCfg = Release|Any CPU
		{2AB933F1-4CFF-4FC8-B985-EBE8E86B7C04}.Release|Any CPU.Build.0 = Release|Any CPU
		{2AB933F1-4CFF-4FC8-B985-EBE8E86B7C04}.Release|ARM.ActiveCfg = Release|Any CPU
		{2AB933F1-4CFF-4FC8-B985-EBE8E86B7C04}.Release|ARM.Build.0 = Release|Any CPU
		{2AB933F1-4CFF-4FC8-B985-EBE8E86B7C04}.Release|ARM64.ActiveCfg = Release|Any CPU
		{2AB933F1-4CFF-4FC8-B985-EBE8E86B7C04}.Release|ARM64.Build.0 = Release|Any CPU
		{2AB933F1-4CFF-4FC8-B985-EBE8E86B7C04}.Release|x64.ActiveCfg = Release|Any CPU
		{2AB933F1-4CFF-4FC8-B985-EBE8E86B7C04}.Release|x64.Build.0 = Release|Any CPU
		{2AB933F1-4CFF-4FC8-B985-EBE8E86B7C04}.Release|x86.ActiveCfg = Release|Any CPU
		{2AB933F1-4CFF-4FC8-B985-EBE8E86B7C04}.Release|x86.Build.0 = Release|Any CPU
		{13D8F8B4-DBD6-43D6-880C-BDBFF57575FF}.Debug|Any CPU.ActiveCfg = Debug|Any CPU
		{13D8F8B4-DBD6-43D6-880C-BDBFF57575FF}.Debug|Any CPU.Build.0 = Debug|Any CPU
		{13D8F8B4-DBD6-43D6-880C-BDBFF57575FF}.Debug|ARM.ActiveCfg = Debug|Any CPU
		{13D8F8B4-DBD6-43D6-880C-BDBFF57575FF}.Debug|ARM.Build.0 = Debug|Any CPU
		{13D8F8B4-DBD6-43D6-880C-BDBFF57575FF}.Debug|ARM64.ActiveCfg = Debug|Any CPU
		{13D8F8B4-DBD6-43D6-880C-BDBFF57575FF}.Debug|ARM64.Build.0 = Debug|Any CPU
		{13D8F8B4-DBD6-43D6-880C-BDBFF57575FF}.Debug|x64.ActiveCfg = Debug|Any CPU
		{13D8F8B4-DBD6-43D6-880C-BDBFF57575FF}.Debug|x64.Build.0 = Debug|Any CPU
		{13D8F8B4-DBD6-43D6-880C-BDBFF57575FF}.Debug|x86.ActiveCfg = Debug|Any CPU
		{13D8F8B4-DBD6-43D6-880C-BDBFF57575FF}.Debug|x86.Build.0 = Debug|Any CPU
		{13D8F8B4-DBD6-43D6-880C-BDBFF57575FF}.Release|Any CPU.ActiveCfg = Release|Any CPU
		{13D8F8B4-DBD6-43D6-880C-BDBFF57575FF}.Release|Any CPU.Build.0 = Release|Any CPU
		{13D8F8B4-DBD6-43D6-880C-BDBFF57575FF}.Release|ARM.ActiveCfg = Release|Any CPU
		{13D8F8B4-DBD6-43D6-880C-BDBFF57575FF}.Release|ARM.Build.0 = Release|Any CPU
		{13D8F8B4-DBD6-43D6-880C-BDBFF57575FF}.Release|ARM64.ActiveCfg = Release|Any CPU
		{13D8F8B4-DBD6-43D6-880C-BDBFF57575FF}.Release|ARM64.Build.0 = Release|Any CPU
		{13D8F8B4-DBD6-43D6-880C-BDBFF57575FF}.Release|x64.ActiveCfg = Release|Any CPU
		{13D8F8B4-DBD6-43D6-880C-BDBFF57575FF}.Release|x64.Build.0 = Release|Any CPU
		{13D8F8B4-DBD6-43D6-880C-BDBFF57575FF}.Release|x86.ActiveCfg = Release|Any CPU
		{13D8F8B4-DBD6-43D6-880C-BDBFF57575FF}.Release|x86.Build.0 = Release|Any CPU
	EndGlobalSection
	GlobalSection(SolutionProperties) = preSolution
		HideSolutionNode = FALSE
	EndGlobalSection
	GlobalSection(NestedProjects) = preSolution
		{402DCC03-2885-4229-80EE-CFBC2405F24A} = {C941019D-8689-4338-A662-9160848BA011}
		{C9819F2F-9495-4D4D-ADBF-554DF8422384} = {1614E930-0372-4ABF-AB09-175FF74AAF54}
		{71876D7C-CA6E-4D28-9CE5-1476ED7B2FFC} = {6E426F2B-D291-4EF2-BF8B-8A97EFBECC4C}
		{CE6D91C7-9FD7-4D6B-A54A-02333EA22AAC} = {2B8424C1-73EB-4B8D-8011-1A2AE9E126E4}
		{AA880D53-27E8-4C2B-A486-96215C94A435} = {CE6D91C7-9FD7-4D6B-A54A-02333EA22AAC}
		{A4CE7F73-F93F-41D5-99DC-EA550368EEF3} = {7D280C77-31B3-4B77-B19F-72C0CC7E8955}
		{F19BA9CF-54F4-4A8F-824B-33273D1F8902} = {7D280C77-31B3-4B77-B19F-72C0CC7E8955}
		{2AB933F1-4CFF-4FC8-B985-EBE8E86B7C04} = {7D280C77-31B3-4B77-B19F-72C0CC7E8955}
		{42DF76D4-9A2C-49A0-86A6-DB80A5470B63} = {2B8424C1-73EB-4B8D-8011-1A2AE9E126E4}
		{A1494A58-D28E-4F56-8C74-FFEACEA5AEA9} = {42DF76D4-9A2C-49A0-86A6-DB80A5470B63}
		{13D8F8B4-DBD6-43D6-880C-BDBFF57575FF} = {A1494A58-D28E-4F56-8C74-FFEACEA5AEA9}
	EndGlobalSection
	GlobalSection(ExtensibilityGlobals) = postSolution
		SolutionGuid = {4AFF077D-4B3E-48FC-903A-907B23A90E06}
	EndGlobalSection
EndGlobal
